
Microsoft Visual Studio Solution File, Format Version 12.00
# Visual Studio Version 16
VisualStudioVersion = 25.0.1706.4
MinimumVisualStudioVersion = 10.0.40219.1
Project("{FAE04EC0-301F-11D3-BF4B-00C04F79EFBC}") = "01.IntegerOperations", "01.IntegerOperations\01.IntegerOperations.csproj", "{18E3EFCC-9B5C-4AA5-9746-4A8046D1774B}"
EndProject
Project("{FAE04EC0-301F-11D3-BF4B-00C04F79EFBC}") = "02.SumDigits", "02.SumDigits\02.SumDigits.csproj", "{688599B0-1FA5-405B-A020-46D7E0A4DB2A}"
EndProject
Project("{FAE04EC0-301F-11D3-BF4B-00C04F79EFBC}") = "03.Elevator", "03.Elevator\03.Elevator.csproj", "{2AE63128-342D-4B4E-9A4C-8F08FC9EDC89}"
EndProject
Project("{FAE04EC0-301F-11D3-BF4B-00C04F79EFBC}") = "04.SumOfChars", "04.SumOfChars\04.SumOfChars.csproj", "{DD1ACAFA-F555-45E5-B80C-C266CFD5B5E2}"
EndProject
Project("{FAE04EC0-301F-11D3-BF4B-00C04F79EFBC}") = "05.PrintPartOfASCIITable", "05.PrintPartOfASCIITable\05.PrintPartOfASCIITable.csproj", "{43FD11E0-F213-4BA3-B150-C153541ED306}"
EndProject
Project("{FAE04EC0-301F-11D3-BF4B-00C04F79EFBC}") = "06.TriplesОfLatinLetters", "06.TriplesОfLatinLetters\06.TriplesОfLatinLetters.csproj", "{073D541E-FEAD-4D8F-94C7-C9B7B2053B22}"
EndProject
Global
	GlobalSection(SolutionConfigurationPlatforms) = preSolution
		Debug|Any CPU = Debug|Any CPU
		Release|Any CPU = Release|Any CPU
	EndGlobalSection
	GlobalSection(ProjectConfigurationPlatforms) = postSolution
		{18E3EFCC-9B5C-4AA5-9746-4A8046D1774B}.Debug|Any CPU.ActiveCfg = Debug|Any CPU
		{18E3EFCC-9B5C-4AA5-9746-4A8046D1774B}.Debug|Any CPU.Build.0 = Debug|Any CPU
		{18E3EFCC-9B5C-4AA5-9746-4A8046D1774B}.Release|Any CPU.ActiveCfg = Release|Any CPU
		{18E3EFCC-9B5C-4AA5-9746-4A8046D1774B}.Release|Any CPU.Build.0 = Release|Any CPU
		{688599B0-1FA5-405B-A020-46D7E0A4DB2A}.Debug|Any CPU.ActiveCfg = Debug|Any CPU
		{688599B0-1FA5-405B-A020-46D7E0A4DB2A}.Debug|Any CPU.Build.0 = Debug|Any CPU
		{688599B0-1FA5-405B-A020-46D7E0A4DB2A}.Release|Any CPU.ActiveCfg = Release|Any CPU
		{688599B0-1FA5-405B-A020-46D7E0A4DB2A}.Release|Any CPU.Build.0 = Release|Any CPU
		{2AE63128-342D-4B4E-9A4C-8F08FC9EDC89}.Debug|Any CPU.ActiveCfg = Debug|Any CPU
		{2AE63128-342D-4B4E-9A4C-8F08FC9EDC89}.Debug|Any CPU.Build.0 = Debug|Any CPU
		{2AE63128-342D-4B4E-9A4C-8F08FC9EDC89}.Release|Any CPU.ActiveCfg = Release|Any CPU
		{2AE63128-342D-4B4E-9A4C-8F08FC9EDC89}.Release|Any CPU.Build.0 = Release|Any CPU
		{DD1ACAFA-F555-45E5-B80C-C266CFD5B5E2}.Debug|Any CPU.ActiveCfg = Debug|Any CPU
		{DD1ACAFA-F555-45E5-B80C-C266CFD5B5E2}.Debug|Any CPU.Build.0 = Debug|Any CPU
		{DD1ACAFA-F555-45E5-B80C-C266CFD5B5E2}.Release|Any CPU.ActiveCfg = Release|Any CPU
		{DD1ACAFA-F555-45E5-B80C-C266CFD5B5E2}.Release|Any CPU.Build.0 = Release|Any CPU
		{43FD11E0-F213-4BA3-B150-C153541ED306}.Debug|Any CPU.ActiveCfg = Debug|Any CPU
		{43FD11E0-F213-4BA3-B150-C153541ED306}.Debug|Any CPU.Build.0 = Debug|Any CPU
		{43FD11E0-F213-4BA3-B150-C153541ED306}.Release|Any CPU.ActiveCfg = Release|Any CPU
		{43FD11E0-F213-4BA3-B150-C153541ED306}.Release|Any CPU.Build.0 = Release|Any CPU
		{073D541E-FEAD-4D8F-94C7-C9B7B2053B22}.Debug|Any CPU.ActiveCfg = Debug|Any CPU
		{073D541E-FEAD-4D8F-94C7-C9B7B2053B22}.Debug|Any CPU.Build.0 = Debug|Any CPU
		{073D541E-FEAD-4D8F-94C7-C9B7B2053B22}.Release|Any CPU.ActiveCfg = Release|Any CPU
		{073D541E-FEAD-4D8F-94C7-C9B7B2053B22}.Release|Any CPU.Build.0 = Release|Any CPU
	EndGlobalSection
	GlobalSection(SolutionProperties) = preSolution
		HideSolutionNode = FALSE
	EndGlobalSection
	GlobalSection(ExtensibilityGlobals) = postSolution
		SolutionGuid = {05D6DD94-9018-4447-B4A9-C4663279AC0B}
	EndGlobalSection
EndGlobal
