
Microsoft Visual Studio Solution File, Format Version 12.00
# Visual Studio Version 16
VisualStudioVersion = 25.0.1706.9
MinimumVisualStudioVersion = 10.0.40219.1
Project("{FAE04EC0-301F-11D3-BF4B-00C04F79EFBC}") = "01.Vehicles", "01.Vehicles\01.Vehicles.csproj", "{61ADFA3F-24DE-430B-A983-58FC508E730F}"
EndProject
Project("{FAE04EC0-301F-11D3-BF4B-00C04F79EFBC}") = "02.VehiclesExtension", "02.VehiclesExtension\02.VehiclesExtension.csproj", "{0C25E2C4-5EF6-43F5-9E44-6CEF85265450}"
EndProject
Project("{FAE04EC0-301F-11D3-BF4B-00C04F79EFBC}") = "03.Raiding", "03.Raiding\03.Raiding.csproj", "{EAC36B18-D60E-4210-B313-F5066D0E3BC8}"
EndProject
Project("{FAE04EC0-301F-11D3-BF4B-00C04F79EFBC}") = "04.WildFarm", "04.WildFarm\04.WildFarm.csproj", "{37BB42A1-260A-4774-8C84-F52AD666C405}"
EndProject
Global
	GlobalSection(SolutionConfigurationPlatforms) = preSolution
		Debug|Any CPU = Debug|Any CPU
		Release|Any CPU = Release|Any CPU
	EndGlobalSection
	GlobalSection(ProjectConfigurationPlatforms) = postSolution
		{61ADFA3F-24DE-430B-A983-58FC508E730F}.Debug|Any CPU.ActiveCfg = Debug|Any CPU
		{61ADFA3F-24DE-430B-A983-58FC508E730F}.Debug|Any CPU.Build.0 = Debug|Any CPU
		{61ADFA3F-24DE-430B-A983-58FC508E730F}.Release|Any CPU.ActiveCfg = Release|Any CPU
		{61ADFA3F-24DE-430B-A983-58FC508E730F}.Release|Any CPU.Build.0 = Release|Any CPU
		{0C25E2C4-5EF6-43F5-9E44-6CEF85265450}.Debug|Any CPU.ActiveCfg = Debug|Any CPU
		{0C25E2C4-5EF6-43F5-9E44-6CEF85265450}.Debug|Any CPU.Build.0 = Debug|Any CPU
		{0C25E2C4-5EF6-43F5-9E44-6CEF85265450}.Release|Any CPU.ActiveCfg = Release|Any CPU
		{0C25E2C4-5EF6-43F5-9E44-6CEF85265450}.Release|Any CPU.Build.0 = Release|Any CPU
		{EAC36B18-D60E-4210-B313-F5066D0E3BC8}.Debug|Any CPU.ActiveCfg = Debug|Any CPU
		{EAC36B18-D60E-4210-B313-F5066D0E3BC8}.Debug|Any CPU.Build.0 = Debug|Any CPU
		{EAC36B18-D60E-4210-B313-F5066D0E3BC8}.Release|Any CPU.ActiveCfg = Release|Any CPU
		{EAC36B18-D60E-4210-B313-F5066D0E3BC8}.Release|Any CPU.Build.0 = Release|Any CPU
		{37BB42A1-260A-4774-8C84-F52AD666C405}.Debug|Any CPU.ActiveCfg = Debug|Any CPU
		{37BB42A1-260A-4774-8C84-F52AD666C405}.Debug|Any CPU.Build.0 = Debug|Any CPU
		{37BB42A1-260A-4774-8C84-F52AD666C405}.Release|Any CPU.ActiveCfg = Release|Any CPU
		{37BB42A1-260A-4774-8C84-F52AD666C405}.Release|Any CPU.Build.0 = Release|Any CPU
	EndGlobalSection
	GlobalSection(SolutionProperties) = preSolution
		HideSolutionNode = FALSE
	EndGlobalSection
	GlobalSection(ExtensibilityGlobals) = postSolution
		SolutionGuid = {2B29A5A4-3565-4C28-BFC3-8A40911CA919}
	EndGlobalSection
EndGlobal
