
Microsoft Visual Studio Solution File, Format Version 12.00
# Visual Studio Version 16
VisualStudioVersion = 25.0.1706.8
MinimumVisualStudioVersion = 10.0.40219.1
Project("{FAE04EC0-301F-11D3-BF4B-00C04F79EFBC}") = "01.SortEvenNumbers", "01.SortEvenNumbers\01.SortEvenNumbers.csproj", "{5AF1C2C1-41DE-485D-B4EC-D5FEA6200575}"
EndProject
Global
	GlobalSection(SolutionConfigurationPlatforms) = preSolution
		Debug|Any CPU = Debug|Any CPU
		Release|Any CPU = Release|Any CPU
	EndGlobalSection
	GlobalSection(ProjectConfigurationPlatforms) = postSolution
		{5AF1C2C1-41DE-485D-B4EC-D5FEA6200575}.Debug|Any CPU.ActiveCfg = Debug|Any CPU
		{5AF1C2C1-41DE-485D-B4EC-D5FEA6200575}.Debug|Any CPU.Build.0 = Debug|Any CPU
		{5AF1C2C1-41DE-485D-B4EC-D5FEA6200575}.Release|Any CPU.ActiveCfg = Release|Any CPU
		{5AF1C2C1-41DE-485D-B4EC-D5FEA6200575}.Release|Any CPU.Build.0 = Release|Any CPU
	EndGlobalSection
	GlobalSection(SolutionProperties) = preSolution
		HideSolutionNode = FALSE
	EndGlobalSection
	GlobalSection(ExtensibilityGlobals) = postSolution
		SolutionGuid = {4BEA7EC7-A2E2-46B6-A5EE-6896EFF3C929}
	EndGlobalSection
EndGlobal
