
Microsoft Visual Studio Solution File, Format Version 12.00
# Visual Studio Version 16
VisualStudioVersion = 25.0.1706.7
MinimumVisualStudioVersion = 10.0.40219.1
Project("{FAE04EC0-301F-11D3-BF4B-00C04F79EFBC}") = "1.DiagonalDifference", "1.DiagonalDifference\1.DiagonalDifference.csproj", "{88E7A52D-9BE8-4610-AEDE-246FAE20B13E}"
EndProject
Project("{FAE04EC0-301F-11D3-BF4B-00C04F79EFBC}") = "1.DiagonalDifference-FastWay", "1.DiagonalDifference-FastWay\1.DiagonalDifference-FastWay.csproj", "{9815221D-6650-40F8-958F-C08640E1AC50}"
EndProject
Project("{FAE04EC0-301F-11D3-BF4B-00C04F79EFBC}") = "2.SquaresInMatrix", "2.SquaresInMatrix\2.SquaresInMatrix.csproj", "{D7D28BA2-57D3-41BE-BB13-A33919D724C3}"
EndProject
Global
	GlobalSection(SolutionConfigurationPlatforms) = preSolution
		Debug|Any CPU = Debug|Any CPU
		Release|Any CPU = Release|Any CPU
	EndGlobalSection
	GlobalSection(ProjectConfigurationPlatforms) = postSolution
		{88E7A52D-9BE8-4610-AEDE-246FAE20B13E}.Debug|Any CPU.ActiveCfg = Debug|Any CPU
		{88E7A52D-9BE8-4610-AEDE-246FAE20B13E}.Debug|Any CPU.Build.0 = Debug|Any CPU
		{88E7A52D-9BE8-4610-AEDE-246FAE20B13E}.Release|Any CPU.ActiveCfg = Release|Any CPU
		{88E7A52D-9BE8-4610-AEDE-246FAE20B13E}.Release|Any CPU.Build.0 = Release|Any CPU
		{9815221D-6650-40F8-958F-C08640E1AC50}.Debug|Any CPU.ActiveCfg = Debug|Any CPU
		{9815221D-6650-40F8-958F-C08640E1AC50}.Debug|Any CPU.Build.0 = Debug|Any CPU
		{9815221D-6650-40F8-958F-C08640E1AC50}.Release|Any CPU.ActiveCfg = Release|Any CPU
		{9815221D-6650-40F8-958F-C08640E1AC50}.Release|Any CPU.Build.0 = Release|Any CPU
		{D7D28BA2-57D3-41BE-BB13-A33919D724C3}.Debug|Any CPU.ActiveCfg = Debug|Any CPU
		{D7D28BA2-57D3-41BE-BB13-A33919D724C3}.Debug|Any CPU.Build.0 = Debug|Any CPU
		{D7D28BA2-57D3-41BE-BB13-A33919D724C3}.Release|Any CPU.ActiveCfg = Release|Any CPU
		{D7D28BA2-57D3-41BE-BB13-A33919D724C3}.Release|Any CPU.Build.0 = Release|Any CPU
	EndGlobalSection
	GlobalSection(SolutionProperties) = preSolution
		HideSolutionNode = FALSE
	EndGlobalSection
	GlobalSection(ExtensibilityGlobals) = postSolution
		SolutionGuid = {145A3737-9B2F-4645-9638-CAD269799240}
	EndGlobalSection
EndGlobal
