
Microsoft Visual Studio Solution File, Format Version 12.00
# Visual Studio Version 16
VisualStudioVersion = 25.0.1706.7
MinimumVisualStudioVersion = 10.0.40219.1
Project("{FAE04EC0-301F-11D3-BF4B-00C04F79EFBC}") = "01.UniqueUsernames", "01.UniqueUsernames\01.UniqueUsernames.csproj", "{0BF56ED5-DEC2-4181-8806-A72A68F8E6CC}"
EndProject
Project("{FAE04EC0-301F-11D3-BF4B-00C04F79EFBC}") = "02.SetsOfElements", "02.SetsOfElements\02.SetsOfElements.csproj", "{5DC4A6D2-016B-42D6-B0A3-532DB878B7A5}"
EndProject
Project("{FAE04EC0-301F-11D3-BF4B-00C04F79EFBC}") = "03.PeriodicTable", "03.PeriodicTable\03.PeriodicTable.csproj", "{66ECAB39-6924-4261-8504-89214DE2D1BC}"
EndProject
Project("{FAE04EC0-301F-11D3-BF4B-00C04F79EFBC}") = "04.EvenTimes", "04.EvenTimes\04.EvenTimes.csproj", "{5A8131B2-82BE-4E49-B558-D4F7F4952D1E}"
EndProject
Project("{FAE04EC0-301F-11D3-BF4B-00C04F79EFBC}") = "05.CountSymbols", "05.CountSymbols\05.CountSymbols.csproj", "{8BA36590-F034-4435-B82C-D82D0D334995}"
EndProject
Global
	GlobalSection(SolutionConfigurationPlatforms) = preSolution
		Debug|Any CPU = Debug|Any CPU
		Release|Any CPU = Release|Any CPU
	EndGlobalSection
	GlobalSection(ProjectConfigurationPlatforms) = postSolution
		{0BF56ED5-DEC2-4181-8806-A72A68F8E6CC}.Debug|Any CPU.ActiveCfg = Debug|Any CPU
		{0BF56ED5-DEC2-4181-8806-A72A68F8E6CC}.Debug|Any CPU.Build.0 = Debug|Any CPU
		{0BF56ED5-DEC2-4181-8806-A72A68F8E6CC}.Release|Any CPU.ActiveCfg = Release|Any CPU
		{0BF56ED5-DEC2-4181-8806-A72A68F8E6CC}.Release|Any CPU.Build.0 = Release|Any CPU
		{5DC4A6D2-016B-42D6-B0A3-532DB878B7A5}.Debug|Any CPU.ActiveCfg = Debug|Any CPU
		{5DC4A6D2-016B-42D6-B0A3-532DB878B7A5}.Debug|Any CPU.Build.0 = Debug|Any CPU
		{5DC4A6D2-016B-42D6-B0A3-532DB878B7A5}.Release|Any CPU.ActiveCfg = Release|Any CPU
		{5DC4A6D2-016B-42D6-B0A3-532DB878B7A5}.Release|Any CPU.Build.0 = Release|Any CPU
		{66ECAB39-6924-4261-8504-89214DE2D1BC}.Debug|Any CPU.ActiveCfg = Debug|Any CPU
		{66ECAB39-6924-4261-8504-89214DE2D1BC}.Debug|Any CPU.Build.0 = Debug|Any CPU
		{66ECAB39-6924-4261-8504-89214DE2D1BC}.Release|Any CPU.ActiveCfg = Release|Any CPU
		{66ECAB39-6924-4261-8504-89214DE2D1BC}.Release|Any CPU.Build.0 = Release|Any CPU
		{5A8131B2-82BE-4E49-B558-D4F7F4952D1E}.Debug|Any CPU.ActiveCfg = Debug|Any CPU
		{5A8131B2-82BE-4E49-B558-D4F7F4952D1E}.Debug|Any CPU.Build.0 = Debug|Any CPU
		{5A8131B2-82BE-4E49-B558-D4F7F4952D1E}.Release|Any CPU.ActiveCfg = Release|Any CPU
		{5A8131B2-82BE-4E49-B558-D4F7F4952D1E}.Release|Any CPU.Build.0 = Release|Any CPU
		{8BA36590-F034-4435-B82C-D82D0D334995}.Debug|Any CPU.ActiveCfg = Debug|Any CPU
		{8BA36590-F034-4435-B82C-D82D0D334995}.Debug|Any CPU.Build.0 = Debug|Any CPU
		{8BA36590-F034-4435-B82C-D82D0D334995}.Release|Any CPU.ActiveCfg = Release|Any CPU
		{8BA36590-F034-4435-B82C-D82D0D334995}.Release|Any CPU.Build.0 = Release|Any CPU
	EndGlobalSection
	GlobalSection(SolutionProperties) = preSolution
		HideSolutionNode = FALSE
	EndGlobalSection
	GlobalSection(ExtensibilityGlobals) = postSolution
		SolutionGuid = {7A4B652B-FD2F-45FE-AA21-B1AB6B84E468}
	EndGlobalSection
EndGlobal
