
Microsoft Visual Studio Solution File, Format Version 12.00
# Visual Studio Version 16
VisualStudioVersion = 25.0.1706.9
MinimumVisualStudioVersion = 10.0.40219.1
Project("{FAE04EC0-301F-11D3-BF4B-00C04F79EFBC}") = "01.MathOperations", "01.MathOperations\01.MathOperations.csproj", "{02BDC7CE-C679-4F0E-89FB-4FB543FA1861}"
EndProject
Project("{FAE04EC0-301F-11D3-BF4B-00C04F79EFBC}") = "02.Animals", "02.Animals\02.Animals.csproj", "{E24FE807-CCE1-42B1-8B25-D75DDC26DAC7}"
EndProject
Project("{FAE04EC0-301F-11D3-BF4B-00C04F79EFBC}") = "03.Shapes", "03.Shapes\03.Shapes.csproj", "{58246962-55FA-470B-A965-D7FA5D70D0B6}"
EndProject
Global
	GlobalSection(SolutionConfigurationPlatforms) = preSolution
		Debug|Any CPU = Debug|Any CPU
		Release|Any CPU = Release|Any CPU
	EndGlobalSection
	GlobalSection(ProjectConfigurationPlatforms) = postSolution
		{02BDC7CE-C679-4F0E-89FB-4FB543FA1861}.Debug|Any CPU.ActiveCfg = Debug|Any CPU
		{02BDC7CE-C679-4F0E-89FB-4FB543FA1861}.Debug|Any CPU.Build.0 = Debug|Any CPU
		{02BDC7CE-C679-4F0E-89FB-4FB543FA1861}.Release|Any CPU.ActiveCfg = Release|Any CPU
		{02BDC7CE-C679-4F0E-89FB-4FB543FA1861}.Release|Any CPU.Build.0 = Release|Any CPU
		{E24FE807-CCE1-42B1-8B25-D75DDC26DAC7}.Debug|Any CPU.ActiveCfg = Debug|Any CPU
		{E24FE807-CCE1-42B1-8B25-D75DDC26DAC7}.Debug|Any CPU.Build.0 = Debug|Any CPU
		{E24FE807-CCE1-42B1-8B25-D75DDC26DAC7}.Release|Any CPU.ActiveCfg = Release|Any CPU
		{E24FE807-CCE1-42B1-8B25-D75DDC26DAC7}.Release|Any CPU.Build.0 = Release|Any CPU
		{58246962-55FA-470B-A965-D7FA5D70D0B6}.Debug|Any CPU.ActiveCfg = Debug|Any CPU
		{58246962-55FA-470B-A965-D7FA5D70D0B6}.Debug|Any CPU.Build.0 = Debug|Any CPU
		{58246962-55FA-470B-A965-D7FA5D70D0B6}.Release|Any CPU.ActiveCfg = Release|Any CPU
		{58246962-55FA-470B-A965-D7FA5D70D0B6}.Release|Any CPU.Build.0 = Release|Any CPU
	EndGlobalSection
	GlobalSection(SolutionProperties) = preSolution
		HideSolutionNode = FALSE
	EndGlobalSection
	GlobalSection(ExtensibilityGlobals) = postSolution
		SolutionGuid = {2B3FFCEE-D16B-4E95-80AA-14C74B819389}
	EndGlobalSection
EndGlobal
