
Microsoft Visual Studio Solution File, Format Version 12.00
# Visual Studio Version 16
VisualStudioVersion = 25.0.1706.4
MinimumVisualStudioVersion = 10.0.40219.1
Project("{FAE04EC0-301F-11D3-BF4B-00C04F79EFBC}") = "01.SumAdjacentEqualNumbers", "01.SumAdjacentEqualNumbers\01.SumAdjacentEqualNumbers.csproj", "{705B2A5C-58BF-4D42-9DEA-8DC446B94FE3}"
EndProject
Project("{FAE04EC0-301F-11D3-BF4B-00C04F79EFBC}") = "02.GaussTrick", "02.GaussTrick\02.GaussTrick.csproj", "{CC59FBE5-DD10-471A-A120-E470F56BB6EF}"
EndProject
Global
	GlobalSection(SolutionConfigurationPlatforms) = preSolution
		Debug|Any CPU = Debug|Any CPU
		Release|Any CPU = Release|Any CPU
	EndGlobalSection
	GlobalSection(ProjectConfigurationPlatforms) = postSolution
		{705B2A5C-58BF-4D42-9DEA-8DC446B94FE3}.Debug|Any CPU.ActiveCfg = Debug|Any CPU
		{705B2A5C-58BF-4D42-9DEA-8DC446B94FE3}.Debug|Any CPU.Build.0 = Debug|Any CPU
		{705B2A5C-58BF-4D42-9DEA-8DC446B94FE3}.Release|Any CPU.ActiveCfg = Release|Any CPU
		{705B2A5C-58BF-4D42-9DEA-8DC446B94FE3}.Release|Any CPU.Build.0 = Release|Any CPU
		{CC59FBE5-DD10-471A-A120-E470F56BB6EF}.Debug|Any CPU.ActiveCfg = Debug|Any CPU
		{CC59FBE5-DD10-471A-A120-E470F56BB6EF}.Debug|Any CPU.Build.0 = Debug|Any CPU
		{CC59FBE5-DD10-471A-A120-E470F56BB6EF}.Release|Any CPU.ActiveCfg = Release|Any CPU
		{CC59FBE5-DD10-471A-A120-E470F56BB6EF}.Release|Any CPU.Build.0 = Release|Any CPU
	EndGlobalSection
	GlobalSection(SolutionProperties) = preSolution
		HideSolutionNode = FALSE
	EndGlobalSection
	GlobalSection(ExtensibilityGlobals) = postSolution
		SolutionGuid = {64E8FA1A-241F-44FF-8EE2-9767176A4099}
	EndGlobalSection
EndGlobal
