
Microsoft Visual Studio Solution File, Format Version 12.00
# Visual Studio Version 16
VisualStudioVersion = 25.0.1706.7
MinimumVisualStudioVersion = 10.0.40219.1
Project("{FAE04EC0-301F-11D3-BF4B-00C04F79EFBC}") = "1.SumMatrixElements", "1.SumMatrixElements\1.SumMatrixElements.csproj", "{826E30AD-ADF7-4D13-AB32-8E9CFE94520B}"
EndProject
Project("{FAE04EC0-301F-11D3-BF4B-00C04F79EFBC}") = "2.SumMatrixColumns", "2.SumMatrixColumns\2.SumMatrixColumns.csproj", "{647774ED-011D-4390-8F77-4C55A7E5392B}"
EndProject
Project("{FAE04EC0-301F-11D3-BF4B-00C04F79EFBC}") = "3.PrimaryDiagonal", "3.PrimaryDiagonal\3.PrimaryDiagonal.csproj", "{D1456AF6-202E-4995-8200-9961EDF88071}"
EndProject
Global
	GlobalSection(SolutionConfigurationPlatforms) = preSolution
		Debug|Any CPU = Debug|Any CPU
		Release|Any CPU = Release|Any CPU
	EndGlobalSection
	GlobalSection(ProjectConfigurationPlatforms) = postSolution
		{826E30AD-ADF7-4D13-AB32-8E9CFE94520B}.Debug|Any CPU.ActiveCfg = Debug|Any CPU
		{826E30AD-ADF7-4D13-AB32-8E9CFE94520B}.Debug|Any CPU.Build.0 = Debug|Any CPU
		{826E30AD-ADF7-4D13-AB32-8E9CFE94520B}.Release|Any CPU.ActiveCfg = Release|Any CPU
		{826E30AD-ADF7-4D13-AB32-8E9CFE94520B}.Release|Any CPU.Build.0 = Release|Any CPU
		{647774ED-011D-4390-8F77-4C55A7E5392B}.Debug|Any CPU.ActiveCfg = Debug|Any CPU
		{647774ED-011D-4390-8F77-4C55A7E5392B}.Debug|Any CPU.Build.0 = Debug|Any CPU
		{647774ED-011D-4390-8F77-4C55A7E5392B}.Release|Any CPU.ActiveCfg = Release|Any CPU
		{647774ED-011D-4390-8F77-4C55A7E5392B}.Release|Any CPU.Build.0 = Release|Any CPU
		{D1456AF6-202E-4995-8200-9961EDF88071}.Debug|Any CPU.ActiveCfg = Debug|Any CPU
		{D1456AF6-202E-4995-8200-9961EDF88071}.Debug|Any CPU.Build.0 = Debug|Any CPU
		{D1456AF6-202E-4995-8200-9961EDF88071}.Release|Any CPU.ActiveCfg = Release|Any CPU
		{D1456AF6-202E-4995-8200-9961EDF88071}.Release|Any CPU.Build.0 = Release|Any CPU
	EndGlobalSection
	GlobalSection(SolutionProperties) = preSolution
		HideSolutionNode = FALSE
	EndGlobalSection
	GlobalSection(ExtensibilityGlobals) = postSolution
		SolutionGuid = {DE3B0D82-3C9B-47F0-B8BB-E08C573A28D3}
	EndGlobalSection
EndGlobal
