
Microsoft Visual Studio Solution File, Format Version 12.00
# Visual Studio Version 16
VisualStudioVersion = 25.0.1706.8
MinimumVisualStudioVersion = 10.0.40219.1
Project("{FAE04EC0-301F-11D3-BF4B-00C04F79EFBC}") = "01.GenericBoxOfString", "01.GenericBoxOfString\01.GenericBoxOfString.csproj", "{D58156D7-1E40-4903-A3CF-DF6DF286F2FD}"
EndProject
Project("{FAE04EC0-301F-11D3-BF4B-00C04F79EFBC}") = "02.GenericBoxOfInteger", "02.GenericBoxOfInteger\02.GenericBoxOfInteger.csproj", "{3227A307-0D0E-4A9C-A452-37742D98D196}"
EndProject
Global
	GlobalSection(SolutionConfigurationPlatforms) = preSolution
		Debug|Any CPU = Debug|Any CPU
		Release|Any CPU = Release|Any CPU
	EndGlobalSection
	GlobalSection(ProjectConfigurationPlatforms) = postSolution
		{D58156D7-1E40-4903-A3CF-DF6DF286F2FD}.Debug|Any CPU.ActiveCfg = Debug|Any CPU
		{D58156D7-1E40-4903-A3CF-DF6DF286F2FD}.Debug|Any CPU.Build.0 = Debug|Any CPU
		{D58156D7-1E40-4903-A3CF-DF6DF286F2FD}.Release|Any CPU.ActiveCfg = Release|Any CPU
		{D58156D7-1E40-4903-A3CF-DF6DF286F2FD}.Release|Any CPU.Build.0 = Release|Any CPU
		{3227A307-0D0E-4A9C-A452-37742D98D196}.Debug|Any CPU.ActiveCfg = Debug|Any CPU
		{3227A307-0D0E-4A9C-A452-37742D98D196}.Debug|Any CPU.Build.0 = Debug|Any CPU
		{3227A307-0D0E-4A9C-A452-37742D98D196}.Release|Any CPU.ActiveCfg = Release|Any CPU
		{3227A307-0D0E-4A9C-A452-37742D98D196}.Release|Any CPU.Build.0 = Release|Any CPU
	EndGlobalSection
	GlobalSection(SolutionProperties) = preSolution
		HideSolutionNode = FALSE
	EndGlobalSection
	GlobalSection(ExtensibilityGlobals) = postSolution
		SolutionGuid = {A56EEEB2-1152-4B9B-A909-56ED3C28AF89}
	EndGlobalSection
EndGlobal
