
Microsoft Visual Studio Solution File, Format Version 12.00
# Visual Studio Version 16
VisualStudioVersion = 25.0.1706.5
MinimumVisualStudioVersion = 10.0.40219.1
Project("{FAE04EC0-301F-11D3-BF4B-00C04F79EFBC}") = "01.GuineaPig", "1.GuineaPig\01.GuineaPig.csproj", "{6FCDBC7D-9D1C-47F1-82A6-542716AC6A76}"
EndProject
Project("{FAE04EC0-301F-11D3-BF4B-00C04F79EFBC}") = "02.TheLift", "02.TheLift\02.TheLift.csproj", "{13210103-7351-4284-A91E-3718B554EEB8}"
EndProject
Project("{FAE04EC0-301F-11D3-BF4B-00C04F79EFBC}") = "02.TheLift-Philip", "02.TheLift-Philip\02.TheLift-Philip.csproj", "{DC7B5278-70C7-407B-8363-E185022393F2}"
EndProject
Project("{FAE04EC0-301F-11D3-BF4B-00C04F79EFBC}") = "03.MovingTarget", "03.MovingTarget\03.MovingTarget.csproj", "{D2367E14-96F0-434A-98A4-ECA865B6D306}"
EndProject
Project("{FAE04EC0-301F-11D3-BF4B-00C04F79EFBC}") = "04.ComputerStore", "04.ComputerStore\04.ComputerStore.csproj", "{4661CC46-C062-4B7E-AF97-25A9FB442330}"
EndProject
Global
	GlobalSection(SolutionConfigurationPlatforms) = preSolution
		Debug|Any CPU = Debug|Any CPU
		Release|Any CPU = Release|Any CPU
	EndGlobalSection
	GlobalSection(ProjectConfigurationPlatforms) = postSolution
		{6FCDBC7D-9D1C-47F1-82A6-542716AC6A76}.Debug|Any CPU.ActiveCfg = Debug|Any CPU
		{6FCDBC7D-9D1C-47F1-82A6-542716AC6A76}.Debug|Any CPU.Build.0 = Debug|Any CPU
		{6FCDBC7D-9D1C-47F1-82A6-542716AC6A76}.Release|Any CPU.ActiveCfg = Release|Any CPU
		{6FCDBC7D-9D1C-47F1-82A6-542716AC6A76}.Release|Any CPU.Build.0 = Release|Any CPU
		{13210103-7351-4284-A91E-3718B554EEB8}.Debug|Any CPU.ActiveCfg = Debug|Any CPU
		{13210103-7351-4284-A91E-3718B554EEB8}.Debug|Any CPU.Build.0 = Debug|Any CPU
		{13210103-7351-4284-A91E-3718B554EEB8}.Release|Any CPU.ActiveCfg = Release|Any CPU
		{13210103-7351-4284-A91E-3718B554EEB8}.Release|Any CPU.Build.0 = Release|Any CPU
		{DC7B5278-70C7-407B-8363-E185022393F2}.Debug|Any CPU.ActiveCfg = Debug|Any CPU
		{DC7B5278-70C7-407B-8363-E185022393F2}.Debug|Any CPU.Build.0 = Debug|Any CPU
		{DC7B5278-70C7-407B-8363-E185022393F2}.Release|Any CPU.ActiveCfg = Release|Any CPU
		{DC7B5278-70C7-407B-8363-E185022393F2}.Release|Any CPU.Build.0 = Release|Any CPU
		{D2367E14-96F0-434A-98A4-ECA865B6D306}.Debug|Any CPU.ActiveCfg = Debug|Any CPU
		{D2367E14-96F0-434A-98A4-ECA865B6D306}.Debug|Any CPU.Build.0 = Debug|Any CPU
		{D2367E14-96F0-434A-98A4-ECA865B6D306}.Release|Any CPU.ActiveCfg = Release|Any CPU
		{D2367E14-96F0-434A-98A4-ECA865B6D306}.Release|Any CPU.Build.0 = Release|Any CPU
		{4661CC46-C062-4B7E-AF97-25A9FB442330}.Debug|Any CPU.ActiveCfg = Debug|Any CPU
		{4661CC46-C062-4B7E-AF97-25A9FB442330}.Debug|Any CPU.Build.0 = Debug|Any CPU
		{4661CC46-C062-4B7E-AF97-25A9FB442330}.Release|Any CPU.ActiveCfg = Release|Any CPU
		{4661CC46-C062-4B7E-AF97-25A9FB442330}.Release|Any CPU.Build.0 = Release|Any CPU
	EndGlobalSection
	GlobalSection(SolutionProperties) = preSolution
		HideSolutionNode = FALSE
	EndGlobalSection
	GlobalSection(ExtensibilityGlobals) = postSolution
		SolutionGuid = {FB7171FC-D920-466D-A2DC-3C47632936B5}
	EndGlobalSection
EndGlobal
