
Microsoft Visual Studio Solution File, Format Version 12.00
# Visual Studio Version 16
VisualStudioVersion = 25.0.1706.8
MinimumVisualStudioVersion = 10.0.40219.1
Project("{FAE04EC0-301F-11D3-BF4B-00C04F79EFBC}") = "01.DefineAClassPerson", "01.DefineAClassPerson\01.DefineAClassPerson.csproj", "{CEBB66C6-FBC9-425F-B44F-E6FBCB68315C}"
EndProject
Project("{FAE04EC0-301F-11D3-BF4B-00C04F79EFBC}") = "02.CreatingConstructors", "02.CreatingConstructors\02.CreatingConstructors.csproj", "{A13DE9D6-69A3-4759-B669-F12E662C6C63}"
EndProject
Project("{FAE04EC0-301F-11D3-BF4B-00C04F79EFBC}") = "03.OldestFamilyMember", "03.OldestFamilyMember\03.OldestFamilyMember.csproj", "{C7BA089B-790F-46A5-9EDD-AD12F23C0E46}"
EndProject
Project("{FAE04EC0-301F-11D3-BF4B-00C04F79EFBC}") = "04.OpinionPoll", "04.OpinionPoll\04.OpinionPoll.csproj", "{7885624C-422B-4BE4-9532-21B0E1702304}"
EndProject
Project("{FAE04EC0-301F-11D3-BF4B-00C04F79EFBC}") = "06.SpeedRacing", "06.SpeedRacing\06.SpeedRacing.csproj", "{19D5D119-CAF6-4FDF-B224-3E0AA316B8A8}"
EndProject
Project("{FAE04EC0-301F-11D3-BF4B-00C04F79EFBC}") = "07.RawData", "07.RawData\07.RawData.csproj", "{689C405A-E9CE-489C-9D75-20546EE4C6B1}"
EndProject
Project("{FAE04EC0-301F-11D3-BF4B-00C04F79EFBC}") = "08.CarSalesman", "08.CarSalesman\08.CarSalesman.csproj", "{B026CA9F-30EC-4644-BA95-CBB8486D5717}"
EndProject
Global
	GlobalSection(SolutionConfigurationPlatforms) = preSolution
		Debug|Any CPU = Debug|Any CPU
		Release|Any CPU = Release|Any CPU
	EndGlobalSection
	GlobalSection(ProjectConfigurationPlatforms) = postSolution
		{CEBB66C6-FBC9-425F-B44F-E6FBCB68315C}.Debug|Any CPU.ActiveCfg = Debug|Any CPU
		{CEBB66C6-FBC9-425F-B44F-E6FBCB68315C}.Debug|Any CPU.Build.0 = Debug|Any CPU
		{CEBB66C6-FBC9-425F-B44F-E6FBCB68315C}.Release|Any CPU.ActiveCfg = Release|Any CPU
		{CEBB66C6-FBC9-425F-B44F-E6FBCB68315C}.Release|Any CPU.Build.0 = Release|Any CPU
		{A13DE9D6-69A3-4759-B669-F12E662C6C63}.Debug|Any CPU.ActiveCfg = Debug|Any CPU
		{A13DE9D6-69A3-4759-B669-F12E662C6C63}.Debug|Any CPU.Build.0 = Debug|Any CPU
		{A13DE9D6-69A3-4759-B669-F12E662C6C63}.Release|Any CPU.ActiveCfg = Release|Any CPU
		{A13DE9D6-69A3-4759-B669-F12E662C6C63}.Release|Any CPU.Build.0 = Release|Any CPU
		{C7BA089B-790F-46A5-9EDD-AD12F23C0E46}.Debug|Any CPU.ActiveCfg = Debug|Any CPU
		{C7BA089B-790F-46A5-9EDD-AD12F23C0E46}.Debug|Any CPU.Build.0 = Debug|Any CPU
		{C7BA089B-790F-46A5-9EDD-AD12F23C0E46}.Release|Any CPU.ActiveCfg = Release|Any CPU
		{C7BA089B-790F-46A5-9EDD-AD12F23C0E46}.Release|Any CPU.Build.0 = Release|Any CPU
		{7885624C-422B-4BE4-9532-21B0E1702304}.Debug|Any CPU.ActiveCfg = Debug|Any CPU
		{7885624C-422B-4BE4-9532-21B0E1702304}.Debug|Any CPU.Build.0 = Debug|Any CPU
		{7885624C-422B-4BE4-9532-21B0E1702304}.Release|Any CPU.ActiveCfg = Release|Any CPU
		{7885624C-422B-4BE4-9532-21B0E1702304}.Release|Any CPU.Build.0 = Release|Any CPU
		{19D5D119-CAF6-4FDF-B224-3E0AA316B8A8}.Debug|Any CPU.ActiveCfg = Debug|Any CPU
		{19D5D119-CAF6-4FDF-B224-3E0AA316B8A8}.Debug|Any CPU.Build.0 = Debug|Any CPU
		{19D5D119-CAF6-4FDF-B224-3E0AA316B8A8}.Release|Any CPU.ActiveCfg = Release|Any CPU
		{19D5D119-CAF6-4FDF-B224-3E0AA316B8A8}.Release|Any CPU.Build.0 = Release|Any CPU
		{689C405A-E9CE-489C-9D75-20546EE4C6B1}.Debug|Any CPU.ActiveCfg = Debug|Any CPU
		{689C405A-E9CE-489C-9D75-20546EE4C6B1}.Debug|Any CPU.Build.0 = Debug|Any CPU
		{689C405A-E9CE-489C-9D75-20546EE4C6B1}.Release|Any CPU.ActiveCfg = Release|Any CPU
		{689C405A-E9CE-489C-9D75-20546EE4C6B1}.Release|Any CPU.Build.0 = Release|Any CPU
		{B026CA9F-30EC-4644-BA95-CBB8486D5717}.Debug|Any CPU.ActiveCfg = Debug|Any CPU
		{B026CA9F-30EC-4644-BA95-CBB8486D5717}.Debug|Any CPU.Build.0 = Debug|Any CPU
		{B026CA9F-30EC-4644-BA95-CBB8486D5717}.Release|Any CPU.ActiveCfg = Release|Any CPU
		{B026CA9F-30EC-4644-BA95-CBB8486D5717}.Release|Any CPU.Build.0 = Release|Any CPU
	EndGlobalSection
	GlobalSection(SolutionProperties) = preSolution
		HideSolutionNode = FALSE
	EndGlobalSection
	GlobalSection(ExtensibilityGlobals) = postSolution
		SolutionGuid = {FC0B1682-9ADB-48C8-80DA-BC827F284E60}
	EndGlobalSection
EndGlobal
