
Microsoft Visual Studio Solution File, Format Version 12.00
# Visual Studio Version 16
VisualStudioVersion = 25.0.1706.4
MinimumVisualStudioVersion = 10.0.40219.1
Project("{FAE04EC0-301F-11D3-BF4B-00C04F79EFBC}") = "01.ConvertMetersToKilometers", "01.ConvertMetersToKilometers\01.ConvertMetersToKilometers.csproj", "{A50DF0C6-7833-400A-8B46-01AA04B566F2}"
EndProject
Project("{FAE04EC0-301F-11D3-BF4B-00C04F79EFBC}") = "02.PoundsToDollars", "02.PoundsToDollars\02.PoundsToDollars.csproj", "{B968C3A9-90DC-429E-A7BA-FCC9F2E3D6F3}"
EndProject
Global
	GlobalSection(SolutionConfigurationPlatforms) = preSolution
		Debug|Any CPU = Debug|Any CPU
		Release|Any CPU = Release|Any CPU
	EndGlobalSection
	GlobalSection(ProjectConfigurationPlatforms) = postSolution
		{A50DF0C6-7833-400A-8B46-01AA04B566F2}.Debug|Any CPU.ActiveCfg = Debug|Any CPU
		{A50DF0C6-7833-400A-8B46-01AA04B566F2}.Debug|Any CPU.Build.0 = Debug|Any CPU
		{A50DF0C6-7833-400A-8B46-01AA04B566F2}.Release|Any CPU.ActiveCfg = Release|Any CPU
		{A50DF0C6-7833-400A-8B46-01AA04B566F2}.Release|Any CPU.Build.0 = Release|Any CPU
		{B968C3A9-90DC-429E-A7BA-FCC9F2E3D6F3}.Debug|Any CPU.ActiveCfg = Debug|Any CPU
		{B968C3A9-90DC-429E-A7BA-FCC9F2E3D6F3}.Debug|Any CPU.Build.0 = Debug|Any CPU
		{B968C3A9-90DC-429E-A7BA-FCC9F2E3D6F3}.Release|Any CPU.ActiveCfg = Release|Any CPU
		{B968C3A9-90DC-429E-A7BA-FCC9F2E3D6F3}.Release|Any CPU.Build.0 = Release|Any CPU
	EndGlobalSection
	GlobalSection(SolutionProperties) = preSolution
		HideSolutionNode = FALSE
	EndGlobalSection
	GlobalSection(ExtensibilityGlobals) = postSolution
		SolutionGuid = {7ECC7431-E865-4E51-B5E8-75014D48CB8D}
	EndGlobalSection
EndGlobal
