
Microsoft Visual Studio Solution File, Format Version 12.00
# Visual Studio Version 16
VisualStudioVersion = 25.0.1706.8
MinimumVisualStudioVersion = 10.0.40219.1
Project("{FAE04EC0-301F-11D3-BF4B-00C04F79EFBC}") = "01.EvenLines", "01.EvenLines\01.EvenLines.csproj", "{7FDC7CD0-446B-4D14-8666-98B02DE2EC59}"
EndProject
Project("{FAE04EC0-301F-11D3-BF4B-00C04F79EFBC}") = "02.LineNumbers", "02.LineNumbers\02.LineNumbers.csproj", "{0E24B02D-E6DC-4F96-AE9D-B3B30D88833A}"
EndProject
Project("{FAE04EC0-301F-11D3-BF4B-00C04F79EFBC}") = "03.CopyBinaryFile", "03.CopyBinaryFile\03.CopyBinaryFile.csproj", "{0BDD5C7F-4B95-4A77-99E9-9CF519978410}"
EndProject
Project("{FAE04EC0-301F-11D3-BF4B-00C04F79EFBC}") = "04.DirectoryTraversal", "04.DirectoryTraversal\04.DirectoryTraversal.csproj", "{796A170B-3109-4AA7-BC51-70EBA6720AAD}"
EndProject
Project("{FAE04EC0-301F-11D3-BF4B-00C04F79EFBC}") = "05.CopyDirectory", "05.CopyDirectory\05.CopyDirectory.csproj", "{54B34009-3035-48AA-954F-2F7AEDF2A1FB}"
EndProject
Project("{FAE04EC0-301F-11D3-BF4B-00C04F79EFBC}") = "06.ZipAndExtracts", "06.ZipAndExtracts\06.ZipAndExtracts.csproj", "{AD6897C2-8AB3-445F-B1C1-ECA4D0908AB3}"
EndProject
Global
	GlobalSection(SolutionConfigurationPlatforms) = preSolution
		Debug|Any CPU = Debug|Any CPU
		Release|Any CPU = Release|Any CPU
	EndGlobalSection
	GlobalSection(ProjectConfigurationPlatforms) = postSolution
		{7FDC7CD0-446B-4D14-8666-98B02DE2EC59}.Debug|Any CPU.ActiveCfg = Debug|Any CPU
		{7FDC7CD0-446B-4D14-8666-98B02DE2EC59}.Debug|Any CPU.Build.0 = Debug|Any CPU
		{7FDC7CD0-446B-4D14-8666-98B02DE2EC59}.Release|Any CPU.ActiveCfg = Release|Any CPU
		{7FDC7CD0-446B-4D14-8666-98B02DE2EC59}.Release|Any CPU.Build.0 = Release|Any CPU
		{0E24B02D-E6DC-4F96-AE9D-B3B30D88833A}.Debug|Any CPU.ActiveCfg = Debug|Any CPU
		{0E24B02D-E6DC-4F96-AE9D-B3B30D88833A}.Debug|Any CPU.Build.0 = Debug|Any CPU
		{0E24B02D-E6DC-4F96-AE9D-B3B30D88833A}.Release|Any CPU.ActiveCfg = Release|Any CPU
		{0E24B02D-E6DC-4F96-AE9D-B3B30D88833A}.Release|Any CPU.Build.0 = Release|Any CPU
		{0BDD5C7F-4B95-4A77-99E9-9CF519978410}.Debug|Any CPU.ActiveCfg = Debug|Any CPU
		{0BDD5C7F-4B95-4A77-99E9-9CF519978410}.Debug|Any CPU.Build.0 = Debug|Any CPU
		{0BDD5C7F-4B95-4A77-99E9-9CF519978410}.Release|Any CPU.ActiveCfg = Release|Any CPU
		{0BDD5C7F-4B95-4A77-99E9-9CF519978410}.Release|Any CPU.Build.0 = Release|Any CPU
		{796A170B-3109-4AA7-BC51-70EBA6720AAD}.Debug|Any CPU.ActiveCfg = Debug|Any CPU
		{796A170B-3109-4AA7-BC51-70EBA6720AAD}.Debug|Any CPU.Build.0 = Debug|Any CPU
		{796A170B-3109-4AA7-BC51-70EBA6720AAD}.Release|Any CPU.ActiveCfg = Release|Any CPU
		{796A170B-3109-4AA7-BC51-70EBA6720AAD}.Release|Any CPU.Build.0 = Release|Any CPU
		{54B34009-3035-48AA-954F-2F7AEDF2A1FB}.Debug|Any CPU.ActiveCfg = Debug|Any CPU
		{54B34009-3035-48AA-954F-2F7AEDF2A1FB}.Debug|Any CPU.Build.0 = Debug|Any CPU
		{54B34009-3035-48AA-954F-2F7AEDF2A1FB}.Release|Any CPU.ActiveCfg = Release|Any CPU
		{54B34009-3035-48AA-954F-2F7AEDF2A1FB}.Release|Any CPU.Build.0 = Release|Any CPU
		{AD6897C2-8AB3-445F-B1C1-ECA4D0908AB3}.Debug|Any CPU.ActiveCfg = Debug|Any CPU
		{AD6897C2-8AB3-445F-B1C1-ECA4D0908AB3}.Debug|Any CPU.Build.0 = Debug|Any CPU
		{AD6897C2-8AB3-445F-B1C1-ECA4D0908AB3}.Release|Any CPU.ActiveCfg = Release|Any CPU
		{AD6897C2-8AB3-445F-B1C1-ECA4D0908AB3}.Release|Any CPU.Build.0 = Release|Any CPU
	EndGlobalSection
	GlobalSection(SolutionProperties) = preSolution
		HideSolutionNode = FALSE
	EndGlobalSection
	GlobalSection(ExtensibilityGlobals) = postSolution
		SolutionGuid = {398C7BA7-A071-481D-9403-411C0039CDC2}
	EndGlobalSection
EndGlobal
