
Microsoft Visual Studio Solution File, Format Version 12.00
# Visual Studio Version 16
VisualStudioVersion = 25.0.1706.9
MinimumVisualStudioVersion = 10.0.40219.1
Project("{FAE04EC0-301F-11D3-BF4B-00C04F79EFBC}") = "01.ClassBoxData", "01.ClassBoxData\01.ClassBoxData.csproj", "{B7F8D3BE-A448-4EA7-B16B-0FEE8C0DD8C3}"
EndProject
Project("{FAE04EC0-301F-11D3-BF4B-00C04F79EFBC}") = "02.AnimalFarm", "02.AnimalFarm\02.AnimalFarm.csproj", "{51F14C37-EBDA-4F07-B9E1-6D5F9F106ED0}"
EndProject
Project("{FAE04EC0-301F-11D3-BF4B-00C04F79EFBC}") = "03.ShoppingSpree", "03.ShoppingSpree\03.ShoppingSpree.csproj", "{9CFF75CF-735F-4263-AA01-65FFA618278B}"
EndProject
Project("{FAE04EC0-301F-11D3-BF4B-00C04F79EFBC}") = "04.PizzaCalories", "04.PizzaCalories\04.PizzaCalories.csproj", "{12AAD040-309A-4E56-A5EE-B125D28E8AF2}"
EndProject
Global
	GlobalSection(SolutionConfigurationPlatforms) = preSolution
		Debug|Any CPU = Debug|Any CPU
		Release|Any CPU = Release|Any CPU
	EndGlobalSection
	GlobalSection(ProjectConfigurationPlatforms) = postSolution
		{B7F8D3BE-A448-4EA7-B16B-0FEE8C0DD8C3}.Debug|Any CPU.ActiveCfg = Debug|Any CPU
		{B7F8D3BE-A448-4EA7-B16B-0FEE8C0DD8C3}.Debug|Any CPU.Build.0 = Debug|Any CPU
		{B7F8D3BE-A448-4EA7-B16B-0FEE8C0DD8C3}.Release|Any CPU.ActiveCfg = Release|Any CPU
		{B7F8D3BE-A448-4EA7-B16B-0FEE8C0DD8C3}.Release|Any CPU.Build.0 = Release|Any CPU
		{51F14C37-EBDA-4F07-B9E1-6D5F9F106ED0}.Debug|Any CPU.ActiveCfg = Debug|Any CPU
		{51F14C37-EBDA-4F07-B9E1-6D5F9F106ED0}.Debug|Any CPU.Build.0 = Debug|Any CPU
		{51F14C37-EBDA-4F07-B9E1-6D5F9F106ED0}.Release|Any CPU.ActiveCfg = Release|Any CPU
		{51F14C37-EBDA-4F07-B9E1-6D5F9F106ED0}.Release|Any CPU.Build.0 = Release|Any CPU
		{9CFF75CF-735F-4263-AA01-65FFA618278B}.Debug|Any CPU.ActiveCfg = Debug|Any CPU
		{9CFF75CF-735F-4263-AA01-65FFA618278B}.Debug|Any CPU.Build.0 = Debug|Any CPU
		{9CFF75CF-735F-4263-AA01-65FFA618278B}.Release|Any CPU.ActiveCfg = Release|Any CPU
		{9CFF75CF-735F-4263-AA01-65FFA618278B}.Release|Any CPU.Build.0 = Release|Any CPU
		{12AAD040-309A-4E56-A5EE-B125D28E8AF2}.Debug|Any CPU.ActiveCfg = Debug|Any CPU
		{12AAD040-309A-4E56-A5EE-B125D28E8AF2}.Debug|Any CPU.Build.0 = Debug|Any CPU
		{12AAD040-309A-4E56-A5EE-B125D28E8AF2}.Release|Any CPU.ActiveCfg = Release|Any CPU
		{12AAD040-309A-4E56-A5EE-B125D28E8AF2}.Release|Any CPU.Build.0 = Release|Any CPU
	EndGlobalSection
	GlobalSection(SolutionProperties) = preSolution
		HideSolutionNode = FALSE
	EndGlobalSection
	GlobalSection(ExtensibilityGlobals) = postSolution
		SolutionGuid = {C42B61C5-3A18-4F25-B4BD-F02761F0A327}
	EndGlobalSection
EndGlobal
