
Microsoft Visual Studio Solution File, Format Version 12.00
# Visual Studio Version 16
VisualStudioVersion = 25.0.1706.10
MinimumVisualStudioVersion = 10.0.40219.1
Project("{FAE04EC0-301F-11D3-BF4B-00C04F79EFBC}") = "01.TempleОfDoom", "01.TempleОfDoom\01.TempleОfDoom.csproj", "{0E43E652-ECE0-4AF3-8FCF-BB2A2330C625}"
EndProject
Project("{FAE04EC0-301F-11D3-BF4B-00C04F79EFBC}") = "02.MouseInTheKitchen", "02.MouseInTheKitchen\02.MouseInTheKitchen.csproj", "{95E76060-05AB-4288-A9FB-2834103F8843}"
EndProject
Project("{FAE04EC0-301F-11D3-BF4B-00C04F79EFBC}") = "02.MouseInTheKitchen_02", "02.MouseInTheKitchen_02\02.MouseInTheKitchen_02.csproj", "{DA3349A3-1AA6-4BCE-8389-F4010DF6940B}"
EndProject
Project("{FAE04EC0-301F-11D3-BF4B-00C04F79EFBC}") = "AutomotiveRepairShop", "AutomotiveRepairShop\AutomotiveRepairShop\AutomotiveRepairShop.csproj", "{26E7A774-9944-4129-A27C-5DF64F38DDF2}"
EndProject
Global
	GlobalSection(SolutionConfigurationPlatforms) = preSolution
		Debug|Any CPU = Debug|Any CPU
		Release|Any CPU = Release|Any CPU
	EndGlobalSection
	GlobalSection(ProjectConfigurationPlatforms) = postSolution
		{0E43E652-ECE0-4AF3-8FCF-BB2A2330C625}.Debug|Any CPU.ActiveCfg = Debug|Any CPU
		{0E43E652-ECE0-4AF3-8FCF-BB2A2330C625}.Debug|Any CPU.Build.0 = Debug|Any CPU
		{0E43E652-ECE0-4AF3-8FCF-BB2A2330C625}.Release|Any CPU.ActiveCfg = Release|Any CPU
		{0E43E652-ECE0-4AF3-8FCF-BB2A2330C625}.Release|Any CPU.Build.0 = Release|Any CPU
		{95E76060-05AB-4288-A9FB-2834103F8843}.Debug|Any CPU.ActiveCfg = Debug|Any CPU
		{95E76060-05AB-4288-A9FB-2834103F8843}.Debug|Any CPU.Build.0 = Debug|Any CPU
		{95E76060-05AB-4288-A9FB-2834103F8843}.Release|Any CPU.ActiveCfg = Release|Any CPU
		{95E76060-05AB-4288-A9FB-2834103F8843}.Release|Any CPU.Build.0 = Release|Any CPU
		{DA3349A3-1AA6-4BCE-8389-F4010DF6940B}.Debug|Any CPU.ActiveCfg = Debug|Any CPU
		{DA3349A3-1AA6-4BCE-8389-F4010DF6940B}.Debug|Any CPU.Build.0 = Debug|Any CPU
		{DA3349A3-1AA6-4BCE-8389-F4010DF6940B}.Release|Any CPU.ActiveCfg = Release|Any CPU
		{DA3349A3-1AA6-4BCE-8389-F4010DF6940B}.Release|Any CPU.Build.0 = Release|Any CPU
		{26E7A774-9944-4129-A27C-5DF64F38DDF2}.Debug|Any CPU.ActiveCfg = Debug|Any CPU
		{26E7A774-9944-4129-A27C-5DF64F38DDF2}.Debug|Any CPU.Build.0 = Debug|Any CPU
		{26E7A774-9944-4129-A27C-5DF64F38DDF2}.Release|Any CPU.ActiveCfg = Release|Any CPU
		{26E7A774-9944-4129-A27C-5DF64F38DDF2}.Release|Any CPU.Build.0 = Release|Any CPU
	EndGlobalSection
	GlobalSection(SolutionProperties) = preSolution
		HideSolutionNode = FALSE
	EndGlobalSection
	GlobalSection(ExtensibilityGlobals) = postSolution
		SolutionGuid = {4AF8C2C1-5BDE-4EFC-B794-DDE409E259EB}
	EndGlobalSection
EndGlobal
