
Microsoft Visual Studio Solution File, Format Version 12.00
# Visual Studio Version 16
VisualStudioVersion = 25.0.1706.8
MinimumVisualStudioVersion = 10.0.40219.1
Project("{FAE04EC0-301F-11D3-BF4B-00C04F79EFBC}") = "01.ActionPrint", "01.ActionPrint\01.ActionPrint.csproj", "{5810A27E-8744-4BF7-BF73-E32AFC953A5B}"
EndProject
Project("{FAE04EC0-301F-11D3-BF4B-00C04F79EFBC}") = "02.KnightsOfHonor", "02.KnightsOfHonor\02.KnightsOfHonor.csproj", "{652E06D7-C3C0-4A3F-A474-4A0366D1EB13}"
EndProject
Global
	GlobalSection(SolutionConfigurationPlatforms) = preSolution
		Debug|Any CPU = Debug|Any CPU
		Release|Any CPU = Release|Any CPU
	EndGlobalSection
	GlobalSection(ProjectConfigurationPlatforms) = postSolution
		{5810A27E-8744-4BF7-BF73-E32AFC953A5B}.Debug|Any CPU.ActiveCfg = Debug|Any CPU
		{5810A27E-8744-4BF7-BF73-E32AFC953A5B}.Debug|Any CPU.Build.0 = Debug|Any CPU
		{5810A27E-8744-4BF7-BF73-E32AFC953A5B}.Release|Any CPU.ActiveCfg = Release|Any CPU
		{5810A27E-8744-4BF7-BF73-E32AFC953A5B}.Release|Any CPU.Build.0 = Release|Any CPU
		{652E06D7-C3C0-4A3F-A474-4A0366D1EB13}.Debug|Any CPU.ActiveCfg = Debug|Any CPU
		{652E06D7-C3C0-4A3F-A474-4A0366D1EB13}.Debug|Any CPU.Build.0 = Debug|Any CPU
		{652E06D7-C3C0-4A3F-A474-4A0366D1EB13}.Release|Any CPU.ActiveCfg = Release|Any CPU
		{652E06D7-C3C0-4A3F-A474-4A0366D1EB13}.Release|Any CPU.Build.0 = Release|Any CPU
	EndGlobalSection
	GlobalSection(SolutionProperties) = preSolution
		HideSolutionNode = FALSE
	EndGlobalSection
	GlobalSection(ExtensibilityGlobals) = postSolution
		SolutionGuid = {E802F898-D60F-467A-BCEB-1E220716EE69}
	EndGlobalSection
EndGlobal
