
Microsoft Visual Studio Solution File, Format Version 12.00
# Visual Studio Version 16
VisualStudioVersion = 25.0.1706.8
MinimumVisualStudioVersion = 10.0.40219.1
Project("{FAE04EC0-301F-11D3-BF4B-00C04F79EFBC}") = "01.ActionPrint", "01.ActionPrint\01.ActionPrint.csproj", "{5810A27E-8744-4BF7-BF73-E32AFC953A5B}"
EndProject
Project("{FAE04EC0-301F-11D3-BF4B-00C04F79EFBC}") = "02.KnightsOfHonor", "02.KnightsOfHonor\02.KnightsOfHonor.csproj", "{652E06D7-C3C0-4A3F-A474-4A0366D1EB13}"
EndProject
Project("{FAE04EC0-301F-11D3-BF4B-00C04F79EFBC}") = "03.CustomMinFunction", "03.CustomMinFunction\03.CustomMinFunction.csproj", "{CC1F89B6-E981-43B7-A64C-498B0622D882}"
EndProject
Project("{FAE04EC0-301F-11D3-BF4B-00C04F79EFBC}") = "04.FindEvensOrOdds", "04.FindEvensOrOdds\04.FindEvensOrOdds.csproj", "{9E785C4E-FAAC-48C0-9BF1-C629E4A55CC9}"
EndProject
Project("{FAE04EC0-301F-11D3-BF4B-00C04F79EFBC}") = "05.AppliedArithmetics", "05.AppliedArithmetics\05.AppliedArithmetics.csproj", "{14D0E9BF-C0D5-4F95-94FF-656244F204A8}"
EndProject
Project("{FAE04EC0-301F-11D3-BF4B-00C04F79EFBC}") = "06.ReverseAndExclude", "06.ReverseAndExclude\06.ReverseAndExclude.csproj", "{E0988F7B-698C-4BC4-A37C-D627D9EE5A47}"
EndProject
Project("{FAE04EC0-301F-11D3-BF4B-00C04F79EFBC}") = "07.PredicateForNames", "07.PredicateForNames\07.PredicateForNames.csproj", "{D1C0C2A5-2AD7-41A8-88B7-738227AB5EA5}"
EndProject
Project("{FAE04EC0-301F-11D3-BF4B-00C04F79EFBC}") = "08.ListOfPredicates", "08.ListOfPredicates\08.ListOfPredicates.csproj", "{9EBDC62A-53AC-4B2A-B837-6717980FC57A}"
EndProject
Project("{FAE04EC0-301F-11D3-BF4B-00C04F79EFBC}") = "09.PredicateParty!", "09.PredicateParty!\09.PredicateParty!.csproj", "{30D3A980-0030-4BC4-865E-3439E7DF53D4}"
EndProject
Project("{FAE04EC0-301F-11D3-BF4B-00C04F79EFBC}") = "10.ThePartyReservationFilterModule", "10.ThePartyReservationFilterModule\10.ThePartyReservationFilterModule.csproj", "{0E86BB45-4DD1-4ADE-B4F8-F087249AC1DB}"
EndProject
Project("{FAE04EC0-301F-11D3-BF4B-00C04F79EFBC}") = "11.TriFunction", "11.TriFunction\11.TriFunction.csproj", "{12E38A77-6BF0-4925-AF21-3910384B9867}"
EndProject
Global
	GlobalSection(SolutionConfigurationPlatforms) = preSolution
		Debug|Any CPU = Debug|Any CPU
		Release|Any CPU = Release|Any CPU
	EndGlobalSection
	GlobalSection(ProjectConfigurationPlatforms) = postSolution
		{5810A27E-8744-4BF7-BF73-E32AFC953A5B}.Debug|Any CPU.ActiveCfg = Debug|Any CPU
		{5810A27E-8744-4BF7-BF73-E32AFC953A5B}.Debug|Any CPU.Build.0 = Debug|Any CPU
		{5810A27E-8744-4BF7-BF73-E32AFC953A5B}.Release|Any CPU.ActiveCfg = Release|Any CPU
		{5810A27E-8744-4BF7-BF73-E32AFC953A5B}.Release|Any CPU.Build.0 = Release|Any CPU
		{652E06D7-C3C0-4A3F-A474-4A0366D1EB13}.Debug|Any CPU.ActiveCfg = Debug|Any CPU
		{652E06D7-C3C0-4A3F-A474-4A0366D1EB13}.Debug|Any CPU.Build.0 = Debug|Any CPU
		{652E06D7-C3C0-4A3F-A474-4A0366D1EB13}.Release|Any CPU.ActiveCfg = Release|Any CPU
		{652E06D7-C3C0-4A3F-A474-4A0366D1EB13}.Release|Any CPU.Build.0 = Release|Any CPU
		{CC1F89B6-E981-43B7-A64C-498B0622D882}.Debug|Any CPU.ActiveCfg = Debug|Any CPU
		{CC1F89B6-E981-43B7-A64C-498B0622D882}.Debug|Any CPU.Build.0 = Debug|Any CPU
		{CC1F89B6-E981-43B7-A64C-498B0622D882}.Release|Any CPU.ActiveCfg = Release|Any CPU
		{CC1F89B6-E981-43B7-A64C-498B0622D882}.Release|Any CPU.Build.0 = Release|Any CPU
		{9E785C4E-FAAC-48C0-9BF1-C629E4A55CC9}.Debug|Any CPU.ActiveCfg = Debug|Any CPU
		{9E785C4E-FAAC-48C0-9BF1-C629E4A55CC9}.Debug|Any CPU.Build.0 = Debug|Any CPU
		{9E785C4E-FAAC-48C0-9BF1-C629E4A55CC9}.Release|Any CPU.ActiveCfg = Release|Any CPU
		{9E785C4E-FAAC-48C0-9BF1-C629E4A55CC9}.Release|Any CPU.Build.0 = Release|Any CPU
		{14D0E9BF-C0D5-4F95-94FF-656244F204A8}.Debug|Any CPU.ActiveCfg = Debug|Any CPU
		{14D0E9BF-C0D5-4F95-94FF-656244F204A8}.Debug|Any CPU.Build.0 = Debug|Any CPU
		{14D0E9BF-C0D5-4F95-94FF-656244F204A8}.Release|Any CPU.ActiveCfg = Release|Any CPU
		{14D0E9BF-C0D5-4F95-94FF-656244F204A8}.Release|Any CPU.Build.0 = Release|Any CPU
		{E0988F7B-698C-4BC4-A37C-D627D9EE5A47}.Debug|Any CPU.ActiveCfg = Debug|Any CPU
		{E0988F7B-698C-4BC4-A37C-D627D9EE5A47}.Debug|Any CPU.Build.0 = Debug|Any CPU
		{E0988F7B-698C-4BC4-A37C-D627D9EE5A47}.Release|Any CPU.ActiveCfg = Release|Any CPU
		{E0988F7B-698C-4BC4-A37C-D627D9EE5A47}.Release|Any CPU.Build.0 = Release|Any CPU
		{D1C0C2A5-2AD7-41A8-88B7-738227AB5EA5}.Debug|Any CPU.ActiveCfg = Debug|Any CPU
		{D1C0C2A5-2AD7-41A8-88B7-738227AB5EA5}.Debug|Any CPU.Build.0 = Debug|Any CPU
		{D1C0C2A5-2AD7-41A8-88B7-738227AB5EA5}.Release|Any CPU.ActiveCfg = Release|Any CPU
		{D1C0C2A5-2AD7-41A8-88B7-738227AB5EA5}.Release|Any CPU.Build.0 = Release|Any CPU
		{9EBDC62A-53AC-4B2A-B837-6717980FC57A}.Debug|Any CPU.ActiveCfg = Debug|Any CPU
		{9EBDC62A-53AC-4B2A-B837-6717980FC57A}.Debug|Any CPU.Build.0 = Debug|Any CPU
		{9EBDC62A-53AC-4B2A-B837-6717980FC57A}.Release|Any CPU.ActiveCfg = Release|Any CPU
		{9EBDC62A-53AC-4B2A-B837-6717980FC57A}.Release|Any CPU.Build.0 = Release|Any CPU
		{30D3A980-0030-4BC4-865E-3439E7DF53D4}.Debug|Any CPU.ActiveCfg = Debug|Any CPU
		{30D3A980-0030-4BC4-865E-3439E7DF53D4}.Debug|Any CPU.Build.0 = Debug|Any CPU
		{30D3A980-0030-4BC4-865E-3439E7DF53D4}.Release|Any CPU.ActiveCfg = Release|Any CPU
		{30D3A980-0030-4BC4-865E-3439E7DF53D4}.Release|Any CPU.Build.0 = Release|Any CPU
		{0E86BB45-4DD1-4ADE-B4F8-F087249AC1DB}.Debug|Any CPU.ActiveCfg = Debug|Any CPU
		{0E86BB45-4DD1-4ADE-B4F8-F087249AC1DB}.Debug|Any CPU.Build.0 = Debug|Any CPU
		{0E86BB45-4DD1-4ADE-B4F8-F087249AC1DB}.Release|Any CPU.ActiveCfg = Release|Any CPU
		{0E86BB45-4DD1-4ADE-B4F8-F087249AC1DB}.Release|Any CPU.Build.0 = Release|Any CPU
		{12E38A77-6BF0-4925-AF21-3910384B9867}.Debug|Any CPU.ActiveCfg = Debug|Any CPU
		{12E38A77-6BF0-4925-AF21-3910384B9867}.Debug|Any CPU.Build.0 = Debug|Any CPU
		{12E38A77-6BF0-4925-AF21-3910384B9867}.Release|Any CPU.ActiveCfg = Release|Any CPU
		{12E38A77-6BF0-4925-AF21-3910384B9867}.Release|Any CPU.Build.0 = Release|Any CPU
	EndGlobalSection
	GlobalSection(SolutionProperties) = preSolution
		HideSolutionNode = FALSE
	EndGlobalSection
	GlobalSection(ExtensibilityGlobals) = postSolution
		SolutionGuid = {E802F898-D60F-467A-BCEB-1E220716EE69}
	EndGlobalSection
EndGlobal
