
Microsoft Visual Studio Solution File, Format Version 12.00
# Visual Studio Version 16
VisualStudioVersion = 25.0.1706.5
MinimumVisualStudioVersion = 10.0.40219.1
Project("{FAE04EC0-301F-11D3-BF4B-00C04F79EFBC}") = "01.AdvertisementMessage", "01.AdvertisementMessage\01.AdvertisementMessage.csproj", "{9F85A097-A8D7-4560-AFC6-EB49B4027324}"
EndProject
Project("{FAE04EC0-301F-11D3-BF4B-00C04F79EFBC}") = "02.Articles", "02.Articles\02.Articles.csproj", "{CA1BAF7E-7259-454E-8345-36B1340FF1F8}"
EndProject
Project("{FAE04EC0-301F-11D3-BF4B-00C04F79EFBC}") = "03.Articles2.0", "03.Articles2.0\03.Articles2.0.csproj", "{E8A0B4AD-614C-4F7D-9CBB-AFF51D60B255}"
EndProject
Project("{FAE04EC0-301F-11D3-BF4B-00C04F79EFBC}") = "04.Students", "04.Students\04.Students.csproj", "{CF7A9D7A-BC62-4106-8417-788A95506664}"
EndProject
Project("{FAE04EC0-301F-11D3-BF4B-00C04F79EFBC}") = "05.TeamworkProjects", "05.TeamworkProjects\05.TeamworkProjects.csproj", "{A5199754-CF69-4524-8DB5-01E1383FF8E9}"
EndProject
Project("{FAE04EC0-301F-11D3-BF4B-00C04F79EFBC}") = "06.VehicleCatalogue", "06.VehicleCatalogue\06.VehicleCatalogue.csproj", "{B1047C39-98E5-4576-A4CF-3BC057986E00}"
EndProject
Project("{FAE04EC0-301F-11D3-BF4B-00C04F79EFBC}") = "07.OrderByAge", "07.OrderByAge\07.OrderByAge.csproj", "{1B8E13A6-CBC5-4CB1-BE0D-146B4258B415}"
EndProject
Global
	GlobalSection(SolutionConfigurationPlatforms) = preSolution
		Debug|Any CPU = Debug|Any CPU
		Release|Any CPU = Release|Any CPU
	EndGlobalSection
	GlobalSection(ProjectConfigurationPlatforms) = postSolution
		{9F85A097-A8D7-4560-AFC6-EB49B4027324}.Debug|Any CPU.ActiveCfg = Debug|Any CPU
		{9F85A097-A8D7-4560-AFC6-EB49B4027324}.Debug|Any CPU.Build.0 = Debug|Any CPU
		{9F85A097-A8D7-4560-AFC6-EB49B4027324}.Release|Any CPU.ActiveCfg = Release|Any CPU
		{9F85A097-A8D7-4560-AFC6-EB49B4027324}.Release|Any CPU.Build.0 = Release|Any CPU
		{CA1BAF7E-7259-454E-8345-36B1340FF1F8}.Debug|Any CPU.ActiveCfg = Debug|Any CPU
		{CA1BAF7E-7259-454E-8345-36B1340FF1F8}.Debug|Any CPU.Build.0 = Debug|Any CPU
		{CA1BAF7E-7259-454E-8345-36B1340FF1F8}.Release|Any CPU.ActiveCfg = Release|Any CPU
		{CA1BAF7E-7259-454E-8345-36B1340FF1F8}.Release|Any CPU.Build.0 = Release|Any CPU
		{E8A0B4AD-614C-4F7D-9CBB-AFF51D60B255}.Debug|Any CPU.ActiveCfg = Debug|Any CPU
		{E8A0B4AD-614C-4F7D-9CBB-AFF51D60B255}.Debug|Any CPU.Build.0 = Debug|Any CPU
		{E8A0B4AD-614C-4F7D-9CBB-AFF51D60B255}.Release|Any CPU.ActiveCfg = Release|Any CPU
		{E8A0B4AD-614C-4F7D-9CBB-AFF51D60B255}.Release|Any CPU.Build.0 = Release|Any CPU
		{CF7A9D7A-BC62-4106-8417-788A95506664}.Debug|Any CPU.ActiveCfg = Debug|Any CPU
		{CF7A9D7A-BC62-4106-8417-788A95506664}.Debug|Any CPU.Build.0 = Debug|Any CPU
		{CF7A9D7A-BC62-4106-8417-788A95506664}.Release|Any CPU.ActiveCfg = Release|Any CPU
		{CF7A9D7A-BC62-4106-8417-788A95506664}.Release|Any CPU.Build.0 = Release|Any CPU
		{A5199754-CF69-4524-8DB5-01E1383FF8E9}.Debug|Any CPU.ActiveCfg = Debug|Any CPU
		{A5199754-CF69-4524-8DB5-01E1383FF8E9}.Debug|Any CPU.Build.0 = Debug|Any CPU
		{A5199754-CF69-4524-8DB5-01E1383FF8E9}.Release|Any CPU.ActiveCfg = Release|Any CPU
		{A5199754-CF69-4524-8DB5-01E1383FF8E9}.Release|Any CPU.Build.0 = Release|Any CPU
		{B1047C39-98E5-4576-A4CF-3BC057986E00}.Debug|Any CPU.ActiveCfg = Debug|Any CPU
		{B1047C39-98E5-4576-A4CF-3BC057986E00}.Debug|Any CPU.Build.0 = Debug|Any CPU
		{B1047C39-98E5-4576-A4CF-3BC057986E00}.Release|Any CPU.ActiveCfg = Release|Any CPU
		{B1047C39-98E5-4576-A4CF-3BC057986E00}.Release|Any CPU.Build.0 = Release|Any CPU
		{1B8E13A6-CBC5-4CB1-BE0D-146B4258B415}.Debug|Any CPU.ActiveCfg = Debug|Any CPU
		{1B8E13A6-CBC5-4CB1-BE0D-146B4258B415}.Debug|Any CPU.Build.0 = Debug|Any CPU
		{1B8E13A6-CBC5-4CB1-BE0D-146B4258B415}.Release|Any CPU.ActiveCfg = Release|Any CPU
		{1B8E13A6-CBC5-4CB1-BE0D-146B4258B415}.Release|Any CPU.Build.0 = Release|Any CPU
	EndGlobalSection
	GlobalSection(SolutionProperties) = preSolution
		HideSolutionNode = FALSE
	EndGlobalSection
	GlobalSection(ExtensibilityGlobals) = postSolution
		SolutionGuid = {54F4958D-6727-43DB-8436-79FEC54032DB}
	EndGlobalSection
EndGlobal
